
Microsoft Visual Studio Solution File, Format Version 11.00
# Visual Studio 2010
Project("{FAE04EC0-301F-11D3-BF4B-00C04F79EFBC}") = "FullTrustListBasedConfiguration", "ListBasedConfig\ListBasedConfig.csproj", "{C383C8C7-F8A5-44E2-8DD7-549E46E88E87}"
EndProject
Project("{FAE04EC0-301F-11D3-BF4B-00C04F79EFBC}") = "Microsoft.Practices.SharePoint.Common", "..\..\SharePoint 2010\Microsoft.Practices.SharePoint.Common\Source\Microsoft.Practices.SharePoint.Common.csproj", "{0FAB4900-9FE2-4CE9-A047-CEEB28920F57}"
EndProject
Global
	GlobalSection(SolutionConfigurationPlatforms) = preSolution
		Debug|Any CPU = Debug|Any CPU
		Release|Any CPU = Release|Any CPU
	EndGlobalSection
	GlobalSection(ProjectConfigurationPlatforms) = postSolution
		{C383C8C7-F8A5-44E2-8DD7-549E46E88E87}.Debug|Any CPU.ActiveCfg = Debug|Any CPU
		{C383C8C7-F8A5-44E2-8DD7-549E46E88E87}.Debug|Any CPU.Build.0 = Debug|Any CPU
		{C383C8C7-F8A5-44E2-8DD7-549E46E88E87}.Debug|Any CPU.Deploy.0 = Debug|Any CPU
		{C383C8C7-F8A5-44E2-8DD7-549E46E88E87}.Release|Any CPU.ActiveCfg = Release|Any CPU
		{C383C8C7-F8A5-44E2-8DD7-549E46E88E87}.Release|Any CPU.Build.0 = Release|Any CPU
		{C383C8C7-F8A5-44E2-8DD7-549E46E88E87}.Release|Any CPU.Deploy.0 = Release|Any CPU
		{0FAB4900-9FE2-4CE9-A047-CEEB28920F57}.Debug|Any CPU.ActiveCfg = Debug|Any CPU
		{0FAB4900-9FE2-4CE9-A047-CEEB28920F57}.Debug|Any CPU.Build.0 = Debug|Any CPU
		{0FAB4900-9FE2-4CE9-A047-CEEB28920F57}.Release|Any CPU.ActiveCfg = Release|Any CPU
		{0FAB4900-9FE2-4CE9-A047-CEEB28920F57}.Release|Any CPU.Build.0 = Release|Any CPU
		{6BC4EC0E-1096-4FF5-A6A5-0E7237AFB5DB}.Debug|Any CPU.ActiveCfg = Debug|Any CPU
		{6BC4EC0E-1096-4FF5-A6A5-0E7237AFB5DB}.Debug|Any CPU.Build.0 = Debug|Any CPU
		{6BC4EC0E-1096-4FF5-A6A5-0E7237AFB5DB}.Release|Any CPU.ActiveCfg = Release|Any CPU
		{6BC4EC0E-1096-4FF5-A6A5-0E7237AFB5DB}.Release|Any CPU.Build.0 = Release|Any CPU
	EndGlobalSection
	GlobalSection(SolutionProperties) = preSolution
		HideSolutionNode = FALSE
	EndGlobalSection
EndGlobal
