
Microsoft Visual Studio Solution File, Format Version 11.00
# Visual Studio 2010
Project("{2150E333-8FDC-42A3-9474-1A3956D46DE8}") = "Common", "Common", "{2FCC544A-03DA-4011-B14E-9C9196DA0641}"
EndProject
Project("{2150E333-8FDC-42A3-9474-1A3956D46DE8}") = "ExecutionModel", "ExecutionModel", "{0A6CF422-5C06-47A9-8F72-F8DF6AD503D0}"
EndProject
Project("{FAE04EC0-301F-11D3-BF4B-00C04F79EFBC}") = "ExecutionModels.Common", "..\ExecutionModels.Common\ExecutionModels.Common.csproj", "{6FA89134-5B92-4FC7-B08A-C29CE5C092B0}"
EndProject
Project("{FAE04EC0-301F-11D3-BF4B-00C04F79EFBC}") = "Microsoft.Practices.SharePoint.Common", "..\..\SharePoint 2010\Microsoft.Practices.SharePoint.Common\Source\Microsoft.Practices.SharePoint.Common.csproj", "{0FAB4900-9FE2-4CE9-A047-CEEB28920F57}"
EndProject
Project("{FAE04EC0-301F-11D3-BF4B-00C04F79EFBC}") = "ExecutionModels.Sandboxed.ExternalList", "ExecutionModels.Sandboxed.ExternalList\ExecutionModels.Sandboxed.ExternalList.csproj", "{1511B21F-4251-4699-A30D-04B4F127FA30}"
EndProject
Global
	GlobalSection(TestCaseManagementSettings) = postSolution
		CategoryFile = ExecutionModels.ExternalList.vsmdi
	EndGlobalSection
	GlobalSection(SolutionConfigurationPlatforms) = preSolution
		Debug|Any CPU = Debug|Any CPU
		Release|Any CPU = Release|Any CPU
	EndGlobalSection
	GlobalSection(ProjectConfigurationPlatforms) = postSolution
		{6FA89134-5B92-4FC7-B08A-C29CE5C092B0}.Debug|Any CPU.ActiveCfg = Debug|Any CPU
		{6FA89134-5B92-4FC7-B08A-C29CE5C092B0}.Debug|Any CPU.Build.0 = Debug|Any CPU
		{6FA89134-5B92-4FC7-B08A-C29CE5C092B0}.Release|Any CPU.ActiveCfg = Release|Any CPU
		{6FA89134-5B92-4FC7-B08A-C29CE5C092B0}.Release|Any CPU.Build.0 = Release|Any CPU
		{0FAB4900-9FE2-4CE9-A047-CEEB28920F57}.Debug|Any CPU.ActiveCfg = Debug|Any CPU
		{0FAB4900-9FE2-4CE9-A047-CEEB28920F57}.Debug|Any CPU.Build.0 = Debug|Any CPU
		{0FAB4900-9FE2-4CE9-A047-CEEB28920F57}.Release|Any CPU.ActiveCfg = Release|Any CPU
		{0FAB4900-9FE2-4CE9-A047-CEEB28920F57}.Release|Any CPU.Build.0 = Release|Any CPU
		{1511B21F-4251-4699-A30D-04B4F127FA30}.Debug|Any CPU.ActiveCfg = Debug|Any CPU
		{1511B21F-4251-4699-A30D-04B4F127FA30}.Debug|Any CPU.Build.0 = Debug|Any CPU
		{1511B21F-4251-4699-A30D-04B4F127FA30}.Debug|Any CPU.Deploy.0 = Debug|Any CPU
		{1511B21F-4251-4699-A30D-04B4F127FA30}.Release|Any CPU.ActiveCfg = Release|Any CPU
		{1511B21F-4251-4699-A30D-04B4F127FA30}.Release|Any CPU.Build.0 = Release|Any CPU
		{1511B21F-4251-4699-A30D-04B4F127FA30}.Release|Any CPU.Deploy.0 = Release|Any CPU
	EndGlobalSection
	GlobalSection(SolutionProperties) = preSolution
		HideSolutionNode = FALSE
	EndGlobalSection
	GlobalSection(NestedProjects) = preSolution
		{6FA89134-5B92-4FC7-B08A-C29CE5C092B0} = {2FCC544A-03DA-4011-B14E-9C9196DA0641}
		{0FAB4900-9FE2-4CE9-A047-CEEB28920F57} = {2FCC544A-03DA-4011-B14E-9C9196DA0641}
		{1511B21F-4251-4699-A30D-04B4F127FA30} = {0A6CF422-5C06-47A9-8F72-F8DF6AD503D0}
	EndGlobalSection
EndGlobal
