
Microsoft Visual Studio Solution File, Format Version 11.00
# Visual Studio 2010
Project("{2150E333-8FDC-42A3-9474-1A3956D46DE8}") = "Core", "Core", "{7FB52D1F-DA92-4965-886C-AC5E143A45BD}"
EndProject
Project("{FAE04EC0-301F-11D3-BF4B-00C04F79EFBC}") = "Microsoft.Practices.Sharepoint.Common", "Microsoft.Practices.Sharepoint.Common\Source\Microsoft.Practices.Sharepoint.Common.csproj", "{0FAB4900-9FE2-4CE9-A047-CEEB28920F57}"
EndProject
Project("{FAE04EC0-301F-11D3-BF4B-00C04F79EFBC}") = "Microsoft.Practices.SharePoint.Common.Configuration.ConfigurationProxy", "Microsoft.Practices.SharePoint.Common.Configuration.ConfigurationProxy\Microsoft.Practices.SharePoint.Common.Configuration.ConfigurationProxy.csproj", "{D748308E-E485-44CB-86E1-6A79815821E2}"
EndProject
Project("{FAE04EC0-301F-11D3-BF4B-00C04F79EFBC}") = "Microsoft.Practices.SharePoint.Common.LoggerProxy", "Microsoft.Practices.SharePoint.Common.LoggerProxy\Microsoft.Practices.SharePoint.Common.LoggerProxy.csproj", "{8BDAA22D-CF8D-4784-A896-F19ED2F0029D}"
EndProject
Global
	GlobalSection(TestCaseManagementSettings) = postSolution
		CategoryFile = Microsoft.Practices.Sharepoint (With Tests).vsmdi
	EndGlobalSection
	GlobalSection(SolutionConfigurationPlatforms) = preSolution
		Debug|Any CPU = Debug|Any CPU
		Release|Any CPU = Release|Any CPU
	EndGlobalSection
	GlobalSection(ProjectConfigurationPlatforms) = postSolution
		{0FAB4900-9FE2-4CE9-A047-CEEB28920F57}.Debug|Any CPU.ActiveCfg = Debug|Any CPU
		{0FAB4900-9FE2-4CE9-A047-CEEB28920F57}.Debug|Any CPU.Build.0 = Debug|Any CPU
		{0FAB4900-9FE2-4CE9-A047-CEEB28920F57}.Release|Any CPU.ActiveCfg = Release|Any CPU
		{0FAB4900-9FE2-4CE9-A047-CEEB28920F57}.Release|Any CPU.Build.0 = Release|Any CPU
		{D748308E-E485-44CB-86E1-6A79815821E2}.Debug|Any CPU.ActiveCfg = Debug|Any CPU
		{D748308E-E485-44CB-86E1-6A79815821E2}.Debug|Any CPU.Build.0 = Debug|Any CPU
		{D748308E-E485-44CB-86E1-6A79815821E2}.Debug|Any CPU.Deploy.0 = Debug|Any CPU
		{D748308E-E485-44CB-86E1-6A79815821E2}.Release|Any CPU.ActiveCfg = Release|Any CPU
		{D748308E-E485-44CB-86E1-6A79815821E2}.Release|Any CPU.Build.0 = Release|Any CPU
		{D748308E-E485-44CB-86E1-6A79815821E2}.Release|Any CPU.Deploy.0 = Release|Any CPU
		{8BDAA22D-CF8D-4784-A896-F19ED2F0029D}.Debug|Any CPU.ActiveCfg = Debug|Any CPU
		{8BDAA22D-CF8D-4784-A896-F19ED2F0029D}.Debug|Any CPU.Build.0 = Debug|Any CPU
		{8BDAA22D-CF8D-4784-A896-F19ED2F0029D}.Debug|Any CPU.Deploy.0 = Debug|Any CPU
		{8BDAA22D-CF8D-4784-A896-F19ED2F0029D}.Release|Any CPU.ActiveCfg = Release|Any CPU
		{8BDAA22D-CF8D-4784-A896-F19ED2F0029D}.Release|Any CPU.Build.0 = Release|Any CPU
		{8BDAA22D-CF8D-4784-A896-F19ED2F0029D}.Release|Any CPU.Deploy.0 = Release|Any CPU
	EndGlobalSection
	GlobalSection(SolutionProperties) = preSolution
		HideSolutionNode = FALSE
	EndGlobalSection
	GlobalSection(NestedProjects) = preSolution
		{0FAB4900-9FE2-4CE9-A047-CEEB28920F57} = {7FB52D1F-DA92-4965-886C-AC5E143A45BD}
		{D748308E-E485-44CB-86E1-6A79815821E2} = {7FB52D1F-DA92-4965-886C-AC5E143A45BD}
		{8BDAA22D-CF8D-4784-A896-F19ED2F0029D} = {7FB52D1F-DA92-4965-886C-AC5E143A45BD}
	EndGlobalSection
EndGlobal
