
Microsoft Visual Studio Solution File, Format Version 11.00
# Visual Studio 2010
Project("{2150E333-8FDC-42A3-9474-1A3956D46DE8}") = "ExecutionModels", "ExecutionModels", "{AC4532A7-0930-4EBE-935A-932986E35195}"
EndProject
Project("{2150E333-8FDC-42A3-9474-1A3956D46DE8}") = "Common", "Common", "{F92699B4-035B-4B33-AE05-49A762D9BCAC}"
EndProject
Project("{FAE04EC0-301F-11D3-BF4B-00C04F79EFBC}") = "Microsoft.Practices.SharePoint.Common", "..\..\Sharepoint 2010\Microsoft.Practices.Sharepoint.Common\Source\Microsoft.Practices.SharePoint.Common.csproj", "{0FAB4900-9FE2-4CE9-A047-CEEB28920F57}"
EndProject
Project("{FAE04EC0-301F-11D3-BF4B-00C04F79EFBC}") = "ExecutionModels.FarmSolution", "ExecutionModels.FullTrust\ExecutionModels.FarmSolution.csproj", "{1E7F148E-B581-420A-BED6-E38444B2DFE4}"
EndProject
Project("{FAE04EC0-301F-11D3-BF4B-00C04F79EFBC}") = "ExecutionModels.FarmSolution.Jobs", "ExecutionModels.FullTrust.Jobs\ExecutionModels.FarmSolution.Jobs.csproj", "{F03EBC00-8E49-4057-8599-825AAC185249}"
EndProject
Project("{FAE04EC0-301F-11D3-BF4B-00C04F79EFBC}") = "ExecutionModels.Common", "..\ExecutionModels.Common\ExecutionModels.Common.csproj", "{6FA89134-5B92-4FC7-B08A-C29CE5C092B0}"
EndProject
Global
	GlobalSection(TestCaseManagementSettings) = postSolution
		CategoryFile = ExecutionModels.FullTrust.vsmdi
	EndGlobalSection
	GlobalSection(SolutionConfigurationPlatforms) = preSolution
		Debug|Any CPU = Debug|Any CPU
		Release|Any CPU = Release|Any CPU
	EndGlobalSection
	GlobalSection(ProjectConfigurationPlatforms) = postSolution
		{0FAB4900-9FE2-4CE9-A047-CEEB28920F57}.Debug|Any CPU.ActiveCfg = Debug|Any CPU
		{0FAB4900-9FE2-4CE9-A047-CEEB28920F57}.Debug|Any CPU.Build.0 = Debug|Any CPU
		{0FAB4900-9FE2-4CE9-A047-CEEB28920F57}.Release|Any CPU.ActiveCfg = Release|Any CPU
		{0FAB4900-9FE2-4CE9-A047-CEEB28920F57}.Release|Any CPU.Build.0 = Release|Any CPU
		{1E7F148E-B581-420A-BED6-E38444B2DFE4}.Debug|Any CPU.ActiveCfg = Debug|Any CPU
		{1E7F148E-B581-420A-BED6-E38444B2DFE4}.Debug|Any CPU.Build.0 = Debug|Any CPU
		{1E7F148E-B581-420A-BED6-E38444B2DFE4}.Debug|Any CPU.Deploy.0 = Debug|Any CPU
		{1E7F148E-B581-420A-BED6-E38444B2DFE4}.Release|Any CPU.ActiveCfg = Release|Any CPU
		{1E7F148E-B581-420A-BED6-E38444B2DFE4}.Release|Any CPU.Build.0 = Release|Any CPU
		{1E7F148E-B581-420A-BED6-E38444B2DFE4}.Release|Any CPU.Deploy.0 = Release|Any CPU
		{F03EBC00-8E49-4057-8599-825AAC185249}.Debug|Any CPU.ActiveCfg = Debug|Any CPU
		{F03EBC00-8E49-4057-8599-825AAC185249}.Debug|Any CPU.Build.0 = Debug|Any CPU
		{F03EBC00-8E49-4057-8599-825AAC185249}.Debug|Any CPU.Deploy.0 = Debug|Any CPU
		{F03EBC00-8E49-4057-8599-825AAC185249}.Release|Any CPU.ActiveCfg = Release|Any CPU
		{F03EBC00-8E49-4057-8599-825AAC185249}.Release|Any CPU.Build.0 = Release|Any CPU
		{F03EBC00-8E49-4057-8599-825AAC185249}.Release|Any CPU.Deploy.0 = Release|Any CPU
		{6FA89134-5B92-4FC7-B08A-C29CE5C092B0}.Debug|Any CPU.ActiveCfg = Debug|Any CPU
		{6FA89134-5B92-4FC7-B08A-C29CE5C092B0}.Debug|Any CPU.Build.0 = Debug|Any CPU
		{6FA89134-5B92-4FC7-B08A-C29CE5C092B0}.Release|Any CPU.ActiveCfg = Release|Any CPU
		{6FA89134-5B92-4FC7-B08A-C29CE5C092B0}.Release|Any CPU.Build.0 = Release|Any CPU
	EndGlobalSection
	GlobalSection(SolutionProperties) = preSolution
		HideSolutionNode = FALSE
	EndGlobalSection
	GlobalSection(NestedProjects) = preSolution
		{1E7F148E-B581-420A-BED6-E38444B2DFE4} = {AC4532A7-0930-4EBE-935A-932986E35195}
		{F03EBC00-8E49-4057-8599-825AAC185249} = {AC4532A7-0930-4EBE-935A-932986E35195}
		{0FAB4900-9FE2-4CE9-A047-CEEB28920F57} = {F92699B4-035B-4B33-AE05-49A762D9BCAC}
		{6FA89134-5B92-4FC7-B08A-C29CE5C092B0} = {F92699B4-035B-4B33-AE05-49A762D9BCAC}
	EndGlobalSection
EndGlobal
